
Microsoft Visual Studio Solution File, Format Version 12.00
Project("{FAE04EC0-301F-11D3-BF4B-00C04F79EFBC}") = "lab_13", "lab_13\lab_13.csproj", "{90812450-9C53-46D6-B6DF-1CE56422822A}"
EndProject
Global
	GlobalSection(SolutionConfigurationPlatforms) = preSolution
		Debug|Any CPU = Debug|Any CPU
		Release|Any CPU = Release|Any CPU
	EndGlobalSection
	GlobalSection(ProjectConfigurationPlatforms) = postSolution
		{90812450-9C53-46D6-B6DF-1CE56422822A}.Debug|Any CPU.ActiveCfg = Debug|Any CPU
		{90812450-9C53-46D6-B6DF-1CE56422822A}.Debug|Any CPU.Build.0 = Debug|Any CPU
		{90812450-9C53-46D6-B6DF-1CE56422822A}.Release|Any CPU.ActiveCfg = Release|Any CPU
		{90812450-9C53-46D6-B6DF-1CE56422822A}.Release|Any CPU.Build.0 = Release|Any CPU
	EndGlobalSection
EndGlobal
