
Microsoft Visual Studio Solution File, Format Version 12.00
Project("{FAE04EC0-301F-11D3-BF4B-00C04F79EFBC}") = "lab_4", "lab_4\lab_4.csproj", "{533D0114-4ABC-4AF8-AC98-697E5FF8BFB0}"
EndProject
Project("{FAE04EC0-301F-11D3-BF4B-00C04F79EFBC}") = "lab_4_vec", "lab_4_vec\lab_4_vec.csproj", "{288D2F23-CD73-4342-A8BB-C224B27B152C}"
EndProject
Global
	GlobalSection(SolutionConfigurationPlatforms) = preSolution
		Debug|Any CPU = Debug|Any CPU
		Release|Any CPU = Release|Any CPU
	EndGlobalSection
	GlobalSection(ProjectConfigurationPlatforms) = postSolution
		{533D0114-4ABC-4AF8-AC98-697E5FF8BFB0}.Debug|Any CPU.ActiveCfg = Debug|Any CPU
		{533D0114-4ABC-4AF8-AC98-697E5FF8BFB0}.Debug|Any CPU.Build.0 = Debug|Any CPU
		{533D0114-4ABC-4AF8-AC98-697E5FF8BFB0}.Release|Any CPU.ActiveCfg = Release|Any CPU
		{533D0114-4ABC-4AF8-AC98-697E5FF8BFB0}.Release|Any CPU.Build.0 = Release|Any CPU
		{288D2F23-CD73-4342-A8BB-C224B27B152C}.Debug|Any CPU.ActiveCfg = Debug|Any CPU
		{288D2F23-CD73-4342-A8BB-C224B27B152C}.Debug|Any CPU.Build.0 = Debug|Any CPU
		{288D2F23-CD73-4342-A8BB-C224B27B152C}.Release|Any CPU.ActiveCfg = Release|Any CPU
		{288D2F23-CD73-4342-A8BB-C224B27B152C}.Release|Any CPU.Build.0 = Release|Any CPU
	EndGlobalSection
EndGlobal
